
Microsoft Visual Studio Solution File, Format Version 12.00
# Visual Studio Version 17
VisualStudioVersion = 17.5.33530.505
MinimumVisualStudioVersion = 10.0.40219.1
Project("{FAE04EC0-301F-11D3-BF4B-00C04F79EFBC}") = "CalcularMediaDeNotas", "CalcularMediaDeNotas\CalcularMediaDeNotas.csproj", "{D7524880-C795-478F-829E-A5854343BFB6}"
EndProject
Global
	GlobalSection(SolutionConfigurationPlatforms) = preSolution
		Debug|Any CPU = Debug|Any CPU
		Release|Any CPU = Release|Any CPU
	EndGlobalSection
	GlobalSection(ProjectConfigurationPlatforms) = postSolution
		{D7524880-C795-478F-829E-A5854343BFB6}.Debug|Any CPU.ActiveCfg = Debug|Any CPU
		{D7524880-C795-478F-829E-A5854343BFB6}.Debug|Any CPU.Build.0 = Debug|Any CPU
		{D7524880-C795-478F-829E-A5854343BFB6}.Release|Any CPU.ActiveCfg = Release|Any CPU
		{D7524880-C795-478F-829E-A5854343BFB6}.Release|Any CPU.Build.0 = Release|Any CPU
	EndGlobalSection
	GlobalSection(SolutionProperties) = preSolution
		HideSolutionNode = FALSE
	EndGlobalSection
	GlobalSection(ExtensibilityGlobals) = postSolution
		SolutionGuid = {C238A549-F8A2-4FE7-81C1-DBD2B5116D37}
	EndGlobalSection
EndGlobal
